
Microsoft Visual Studio Solution File, Format Version 12.00
# Visual Studio Version 16
VisualStudioVersion = 16.0.30413.136
MinimumVisualStudioVersion = 10.0.40219.1
Project("{FAE04EC0-301F-11D3-BF4B-00C04F79EFBC}") = "VideoDedupClient", "VideoDedupClient\VideoDedupClient.csproj", "{2F31738C-1992-4AF1-A101-35F5C0CF7991}"
EndProject
Project("{2150E333-8FDC-42A3-9474-1A3956D46DE8}") = "WCF", "WCF", "{92F94740-34D7-40F0-AC22-E00AA7CC770D}"
EndProject
Project("{FAE04EC0-301F-11D3-BF4B-00C04F79EFBC}") = "Contracts", "WCF\Contracts\Contracts.csproj", "{EA2984A1-4236-4D88-857B-2FE24385B0C3}"
EndProject
Project("{FAE04EC0-301F-11D3-BF4B-00C04F79EFBC}") = "VideoDedupShared", "VideoDedupShared\VideoDedupShared.csproj", "{C16EAE42-0C5C-405F-9916-4DFAB332171A}"
EndProject
Project("{FAE04EC0-301F-11D3-BF4B-00C04F79EFBC}") = "VideoDedupConsole", "VideoDedupConsole\VideoDedupConsole.csproj", "{2F1BAEF5-96A1-448A-9137-66F969A79739}"
EndProject
Project("{FAE04EC0-301F-11D3-BF4B-00C04F79EFBC}") = "SmartTimer", "HandyTimer\SmartTimer.csproj", "{BA276BCA-E923-4E5C-A483-AC04DDF0EB61}"
EndProject
Project("{FAE04EC0-301F-11D3-BF4B-00C04F79EFBC}") = "DedupEngine", "DedupEngine\DedupEngine.csproj", "{6931A4E9-4586-44EB-92FC-8DC0DCDF0CA8}"
EndProject
Project("{FAE04EC0-301F-11D3-BF4B-00C04F79EFBC}") = "VideoDedupService", "VideoDedupService\VideoDedupService.csproj", "{AB076653-7E91-453A-A688-B415704D8FE8}"
EndProject
Project("{FAE04EC0-301F-11D3-BF4B-00C04F79EFBC}") = "DuplicateManager", "DuplicateManager\DuplicateManager.csproj", "{B8E8FEE5-934C-4871-8F1F-6CC8FD856892}"
EndProject
Project("{FAE04EC0-301F-11D3-BF4B-00C04F79EFBC}") = "CustomComparisonManager", "CustomComparisonManager\CustomComparisonManager.csproj", "{E229E559-E62F-48B8-B022-C566BFA47B0A}"
EndProject
Project("{FAE04EC0-301F-11D3-BF4B-00C04F79EFBC}") = "VideoDedupServer", "VideoDedupServer\VideoDedupServer.csproj", "{656CAC8E-F9C2-4072-95DE-7F2D6AC6353C}"
EndProject
Project("{930C7802-8A8C-48F9-8165-68863BCCD9DD}") = "Setup", "Setup\Setup.wixproj", "{52D36AE6-B21D-4BCE-A675-9024F6C8BAC5}"
EndProject
Project("{FAE04EC0-301F-11D3-BF4B-00C04F79EFBC}") = "Versioning", "Versioning\Versioning.csproj", "{80D1C901-FBD3-422A-B810-345C43EDFC37}"
EndProject
Project("{2150E333-8FDC-42A3-9474-1A3956D46DE8}") = "Solution Items", "Solution Items", "{962EAB92-A167-49A8-8E02-87D72AA00603}"
	ProjectSection(SolutionItems) = preProject
		.editorconfig = .editorconfig
	EndProjectSection
EndProject
Global
	GlobalSection(SolutionConfigurationPlatforms) = preSolution
		Debug|x64 = Debug|x64
		Debug|x86 = Debug|x86
		DebugAsService|x64 = DebugAsService|x64
		DebugAsService|x86 = DebugAsService|x86
		Release|x64 = Release|x64
		Release|x86 = Release|x86
	EndGlobalSection
	GlobalSection(ProjectConfigurationPlatforms) = postSolution
		{2F31738C-1992-4AF1-A101-35F5C0CF7991}.Debug|x64.ActiveCfg = Debug|x64
		{2F31738C-1992-4AF1-A101-35F5C0CF7991}.Debug|x64.Build.0 = Debug|x64
		{2F31738C-1992-4AF1-A101-35F5C0CF7991}.Debug|x86.ActiveCfg = Debug|x86
		{2F31738C-1992-4AF1-A101-35F5C0CF7991}.Debug|x86.Build.0 = Debug|x86
		{2F31738C-1992-4AF1-A101-35F5C0CF7991}.DebugAsService|x64.ActiveCfg = Debug|x64
		{2F31738C-1992-4AF1-A101-35F5C0CF7991}.DebugAsService|x64.Build.0 = Debug|x64
		{2F31738C-1992-4AF1-A101-35F5C0CF7991}.DebugAsService|x86.ActiveCfg = Debug|x86
		{2F31738C-1992-4AF1-A101-35F5C0CF7991}.DebugAsService|x86.Build.0 = Debug|x86
		{2F31738C-1992-4AF1-A101-35F5C0CF7991}.Release|x64.ActiveCfg = Release|x64
		{2F31738C-1992-4AF1-A101-35F5C0CF7991}.Release|x64.Build.0 = Release|x64
		{2F31738C-1992-4AF1-A101-35F5C0CF7991}.Release|x86.ActiveCfg = Release|x86
		{2F31738C-1992-4AF1-A101-35F5C0CF7991}.Release|x86.Build.0 = Release|x86
		{EA2984A1-4236-4D88-857B-2FE24385B0C3}.Debug|x64.ActiveCfg = Debug|x64
		{EA2984A1-4236-4D88-857B-2FE24385B0C3}.Debug|x64.Build.0 = Debug|x64
		{EA2984A1-4236-4D88-857B-2FE24385B0C3}.Debug|x86.ActiveCfg = Debug|x86
		{EA2984A1-4236-4D88-857B-2FE24385B0C3}.Debug|x86.Build.0 = Debug|x86
		{EA2984A1-4236-4D88-857B-2FE24385B0C3}.DebugAsService|x64.ActiveCfg = Debug|x64
		{EA2984A1-4236-4D88-857B-2FE24385B0C3}.DebugAsService|x64.Build.0 = Debug|x64
		{EA2984A1-4236-4D88-857B-2FE24385B0C3}.DebugAsService|x86.ActiveCfg = Debug|x86
		{EA2984A1-4236-4D88-857B-2FE24385B0C3}.DebugAsService|x86.Build.0 = Debug|x86
		{EA2984A1-4236-4D88-857B-2FE24385B0C3}.Release|x64.ActiveCfg = Release|x64
		{EA2984A1-4236-4D88-857B-2FE24385B0C3}.Release|x64.Build.0 = Release|x64
		{EA2984A1-4236-4D88-857B-2FE24385B0C3}.Release|x86.ActiveCfg = Release|x86
		{EA2984A1-4236-4D88-857B-2FE24385B0C3}.Release|x86.Build.0 = Release|x86
		{C16EAE42-0C5C-405F-9916-4DFAB332171A}.Debug|x64.ActiveCfg = Debug|x64
		{C16EAE42-0C5C-405F-9916-4DFAB332171A}.Debug|x64.Build.0 = Debug|x64
		{C16EAE42-0C5C-405F-9916-4DFAB332171A}.Debug|x86.ActiveCfg = Debug|x86
		{C16EAE42-0C5C-405F-9916-4DFAB332171A}.Debug|x86.Build.0 = Debug|x86
		{C16EAE42-0C5C-405F-9916-4DFAB332171A}.DebugAsService|x64.ActiveCfg = Debug|x64
		{C16EAE42-0C5C-405F-9916-4DFAB332171A}.DebugAsService|x64.Build.0 = Debug|x64
		{C16EAE42-0C5C-405F-9916-4DFAB332171A}.DebugAsService|x86.ActiveCfg = Debug|x86
		{C16EAE42-0C5C-405F-9916-4DFAB332171A}.DebugAsService|x86.Build.0 = Debug|x86
		{C16EAE42-0C5C-405F-9916-4DFAB332171A}.Release|x64.ActiveCfg = Release|x64
		{C16EAE42-0C5C-405F-9916-4DFAB332171A}.Release|x64.Build.0 = Release|x64
		{C16EAE42-0C5C-405F-9916-4DFAB332171A}.Release|x86.ActiveCfg = Release|x86
		{C16EAE42-0C5C-405F-9916-4DFAB332171A}.Release|x86.Build.0 = Release|x86
		{2F1BAEF5-96A1-448A-9137-66F969A79739}.Debug|x64.ActiveCfg = Debug|x64
		{2F1BAEF5-96A1-448A-9137-66F969A79739}.Debug|x64.Build.0 = Debug|x64
		{2F1BAEF5-96A1-448A-9137-66F969A79739}.Debug|x86.ActiveCfg = Debug|x86
		{2F1BAEF5-96A1-448A-9137-66F969A79739}.Debug|x86.Build.0 = Debug|x86
		{2F1BAEF5-96A1-448A-9137-66F969A79739}.DebugAsService|x64.ActiveCfg = Debug|x64
		{2F1BAEF5-96A1-448A-9137-66F969A79739}.DebugAsService|x64.Build.0 = Debug|x64
		{2F1BAEF5-96A1-448A-9137-66F969A79739}.DebugAsService|x86.ActiveCfg = Debug|x86
		{2F1BAEF5-96A1-448A-9137-66F969A79739}.DebugAsService|x86.Build.0 = Debug|x86
		{2F1BAEF5-96A1-448A-9137-66F969A79739}.Release|x64.ActiveCfg = Release|x64
		{2F1BAEF5-96A1-448A-9137-66F969A79739}.Release|x64.Build.0 = Release|x64
		{2F1BAEF5-96A1-448A-9137-66F969A79739}.Release|x86.ActiveCfg = Release|x86
		{2F1BAEF5-96A1-448A-9137-66F969A79739}.Release|x86.Build.0 = Release|x86
		{BA276BCA-E923-4E5C-A483-AC04DDF0EB61}.Debug|x64.ActiveCfg = Debug|x64
		{BA276BCA-E923-4E5C-A483-AC04DDF0EB61}.Debug|x64.Build.0 = Debug|x64
		{BA276BCA-E923-4E5C-A483-AC04DDF0EB61}.Debug|x86.ActiveCfg = Debug|x86
		{BA276BCA-E923-4E5C-A483-AC04DDF0EB61}.Debug|x86.Build.0 = Debug|x86
		{BA276BCA-E923-4E5C-A483-AC04DDF0EB61}.DebugAsService|x64.ActiveCfg = Debug|x64
		{BA276BCA-E923-4E5C-A483-AC04DDF0EB61}.DebugAsService|x64.Build.0 = Debug|x64
		{BA276BCA-E923-4E5C-A483-AC04DDF0EB61}.DebugAsService|x86.ActiveCfg = Debug|x86
		{BA276BCA-E923-4E5C-A483-AC04DDF0EB61}.DebugAsService|x86.Build.0 = Debug|x86
		{BA276BCA-E923-4E5C-A483-AC04DDF0EB61}.Release|x64.ActiveCfg = Release|x64
		{BA276BCA-E923-4E5C-A483-AC04DDF0EB61}.Release|x64.Build.0 = Release|x64
		{BA276BCA-E923-4E5C-A483-AC04DDF0EB61}.Release|x86.ActiveCfg = Release|x86
		{BA276BCA-E923-4E5C-A483-AC04DDF0EB61}.Release|x86.Build.0 = Release|x86
		{6931A4E9-4586-44EB-92FC-8DC0DCDF0CA8}.Debug|x64.ActiveCfg = Debug|x64
		{6931A4E9-4586-44EB-92FC-8DC0DCDF0CA8}.Debug|x64.Build.0 = Debug|x64
		{6931A4E9-4586-44EB-92FC-8DC0DCDF0CA8}.Debug|x86.ActiveCfg = Debug|x86
		{6931A4E9-4586-44EB-92FC-8DC0DCDF0CA8}.Debug|x86.Build.0 = Debug|x86
		{6931A4E9-4586-44EB-92FC-8DC0DCDF0CA8}.DebugAsService|x64.ActiveCfg = Debug|x64
		{6931A4E9-4586-44EB-92FC-8DC0DCDF0CA8}.DebugAsService|x64.Build.0 = Debug|x64
		{6931A4E9-4586-44EB-92FC-8DC0DCDF0CA8}.DebugAsService|x86.ActiveCfg = Debug|x86
		{6931A4E9-4586-44EB-92FC-8DC0DCDF0CA8}.DebugAsService|x86.Build.0 = Debug|x86
		{6931A4E9-4586-44EB-92FC-8DC0DCDF0CA8}.Release|x64.ActiveCfg = Release|x64
		{6931A4E9-4586-44EB-92FC-8DC0DCDF0CA8}.Release|x64.Build.0 = Release|x64
		{6931A4E9-4586-44EB-92FC-8DC0DCDF0CA8}.Release|x86.ActiveCfg = Release|x86
		{6931A4E9-4586-44EB-92FC-8DC0DCDF0CA8}.Release|x86.Build.0 = Release|x86
		{AB076653-7E91-453A-A688-B415704D8FE8}.Debug|x64.ActiveCfg = Debug|x64
		{AB076653-7E91-453A-A688-B415704D8FE8}.Debug|x64.Build.0 = Debug|x64
		{AB076653-7E91-453A-A688-B415704D8FE8}.Debug|x86.ActiveCfg = Debug|x86
		{AB076653-7E91-453A-A688-B415704D8FE8}.Debug|x86.Build.0 = Debug|x86
		{AB076653-7E91-453A-A688-B415704D8FE8}.DebugAsService|x64.ActiveCfg = DebugAsService|x64
		{AB076653-7E91-453A-A688-B415704D8FE8}.DebugAsService|x64.Build.0 = DebugAsService|x64
		{AB076653-7E91-453A-A688-B415704D8FE8}.DebugAsService|x86.ActiveCfg = DebugAsService|x86
		{AB076653-7E91-453A-A688-B415704D8FE8}.DebugAsService|x86.Build.0 = DebugAsService|x86
		{AB076653-7E91-453A-A688-B415704D8FE8}.Release|x64.ActiveCfg = Release|x64
		{AB076653-7E91-453A-A688-B415704D8FE8}.Release|x64.Build.0 = Release|x64
		{AB076653-7E91-453A-A688-B415704D8FE8}.Release|x86.ActiveCfg = Release|x86
		{AB076653-7E91-453A-A688-B415704D8FE8}.Release|x86.Build.0 = Release|x86
		{B8E8FEE5-934C-4871-8F1F-6CC8FD856892}.Debug|x64.ActiveCfg = Debug|x64
		{B8E8FEE5-934C-4871-8F1F-6CC8FD856892}.Debug|x64.Build.0 = Debug|x64
		{B8E8FEE5-934C-4871-8F1F-6CC8FD856892}.Debug|x86.ActiveCfg = Debug|x86
		{B8E8FEE5-934C-4871-8F1F-6CC8FD856892}.Debug|x86.Build.0 = Debug|x86
		{B8E8FEE5-934C-4871-8F1F-6CC8FD856892}.DebugAsService|x64.ActiveCfg = Debug|x64
		{B8E8FEE5-934C-4871-8F1F-6CC8FD856892}.DebugAsService|x64.Build.0 = Debug|x64
		{B8E8FEE5-934C-4871-8F1F-6CC8FD856892}.DebugAsService|x86.ActiveCfg = Debug|x86
		{B8E8FEE5-934C-4871-8F1F-6CC8FD856892}.DebugAsService|x86.Build.0 = Debug|x86
		{B8E8FEE5-934C-4871-8F1F-6CC8FD856892}.Release|x64.ActiveCfg = Release|x64
		{B8E8FEE5-934C-4871-8F1F-6CC8FD856892}.Release|x64.Build.0 = Release|x64
		{B8E8FEE5-934C-4871-8F1F-6CC8FD856892}.Release|x86.ActiveCfg = Release|x86
		{B8E8FEE5-934C-4871-8F1F-6CC8FD856892}.Release|x86.Build.0 = Release|x86
		{E229E559-E62F-48B8-B022-C566BFA47B0A}.Debug|x64.ActiveCfg = Debug|x64
		{E229E559-E62F-48B8-B022-C566BFA47B0A}.Debug|x64.Build.0 = Debug|x64
		{E229E559-E62F-48B8-B022-C566BFA47B0A}.Debug|x86.ActiveCfg = Debug|x86
		{E229E559-E62F-48B8-B022-C566BFA47B0A}.Debug|x86.Build.0 = Debug|x86
		{E229E559-E62F-48B8-B022-C566BFA47B0A}.DebugAsService|x64.ActiveCfg = Debug|x64
		{E229E559-E62F-48B8-B022-C566BFA47B0A}.DebugAsService|x64.Build.0 = Debug|x64
		{E229E559-E62F-48B8-B022-C566BFA47B0A}.DebugAsService|x86.ActiveCfg = Debug|x86
		{E229E559-E62F-48B8-B022-C566BFA47B0A}.DebugAsService|x86.Build.0 = Debug|x86
		{E229E559-E62F-48B8-B022-C566BFA47B0A}.Release|x64.ActiveCfg = Release|x64
		{E229E559-E62F-48B8-B022-C566BFA47B0A}.Release|x64.Build.0 = Release|x64
		{E229E559-E62F-48B8-B022-C566BFA47B0A}.Release|x86.ActiveCfg = Release|x86
		{E229E559-E62F-48B8-B022-C566BFA47B0A}.Release|x86.Build.0 = Release|x86
		{656CAC8E-F9C2-4072-95DE-7F2D6AC6353C}.Debug|x64.ActiveCfg = Debug|x64
		{656CAC8E-F9C2-4072-95DE-7F2D6AC6353C}.Debug|x64.Build.0 = Debug|x64
		{656CAC8E-F9C2-4072-95DE-7F2D6AC6353C}.Debug|x86.ActiveCfg = Debug|x86
		{656CAC8E-F9C2-4072-95DE-7F2D6AC6353C}.Debug|x86.Build.0 = Debug|x86
		{656CAC8E-F9C2-4072-95DE-7F2D6AC6353C}.DebugAsService|x64.ActiveCfg = Debug|x64
		{656CAC8E-F9C2-4072-95DE-7F2D6AC6353C}.DebugAsService|x64.Build.0 = Debug|x64
		{656CAC8E-F9C2-4072-95DE-7F2D6AC6353C}.DebugAsService|x86.ActiveCfg = Debug|x86
		{656CAC8E-F9C2-4072-95DE-7F2D6AC6353C}.DebugAsService|x86.Build.0 = Debug|x86
		{656CAC8E-F9C2-4072-95DE-7F2D6AC6353C}.Release|x64.ActiveCfg = Release|x64
		{656CAC8E-F9C2-4072-95DE-7F2D6AC6353C}.Release|x64.Build.0 = Release|x64
		{656CAC8E-F9C2-4072-95DE-7F2D6AC6353C}.Release|x86.ActiveCfg = Release|x86
		{656CAC8E-F9C2-4072-95DE-7F2D6AC6353C}.Release|x86.Build.0 = Release|x86
		{52D36AE6-B21D-4BCE-A675-9024F6C8BAC5}.Debug|x64.ActiveCfg = Debug|x64
		{52D36AE6-B21D-4BCE-A675-9024F6C8BAC5}.Debug|x86.ActiveCfg = Debug|x86
		{52D36AE6-B21D-4BCE-A675-9024F6C8BAC5}.DebugAsService|x64.ActiveCfg = Debug|x64
		{52D36AE6-B21D-4BCE-A675-9024F6C8BAC5}.DebugAsService|x86.ActiveCfg = Debug|x86
		{52D36AE6-B21D-4BCE-A675-9024F6C8BAC5}.Release|x64.ActiveCfg = Release|x64
		{52D36AE6-B21D-4BCE-A675-9024F6C8BAC5}.Release|x64.Build.0 = Release|x64
		{52D36AE6-B21D-4BCE-A675-9024F6C8BAC5}.Release|x86.ActiveCfg = Release|x86
		{52D36AE6-B21D-4BCE-A675-9024F6C8BAC5}.Release|x86.Build.0 = Release|x86
		{80D1C901-FBD3-422A-B810-345C43EDFC37}.Debug|x64.ActiveCfg = Debug|Any CPU
		{80D1C901-FBD3-422A-B810-345C43EDFC37}.Debug|x64.Build.0 = Debug|Any CPU
		{80D1C901-FBD3-422A-B810-345C43EDFC37}.Debug|x86.ActiveCfg = Debug|Any CPU
		{80D1C901-FBD3-422A-B810-345C43EDFC37}.Debug|x86.Build.0 = Debug|Any CPU
		{80D1C901-FBD3-422A-B810-345C43EDFC37}.DebugAsService|x64.ActiveCfg = Debug|Any CPU
		{80D1C901-FBD3-422A-B810-345C43EDFC37}.DebugAsService|x64.Build.0 = Debug|Any CPU
		{80D1C901-FBD3-422A-B810-345C43EDFC37}.DebugAsService|x86.ActiveCfg = Debug|Any CPU
		{80D1C901-FBD3-422A-B810-345C43EDFC37}.DebugAsService|x86.Build.0 = Debug|Any CPU
		{80D1C901-FBD3-422A-B810-345C43EDFC37}.Release|x64.ActiveCfg = Release|Any CPU
		{80D1C901-FBD3-422A-B810-345C43EDFC37}.Release|x64.Build.0 = Release|Any CPU
		{80D1C901-FBD3-422A-B810-345C43EDFC37}.Release|x86.ActiveCfg = Release|Any CPU
		{80D1C901-FBD3-422A-B810-345C43EDFC37}.Release|x86.Build.0 = Release|Any CPU
	EndGlobalSection
	GlobalSection(SolutionProperties) = preSolution
		HideSolutionNode = FALSE
	EndGlobalSection
	GlobalSection(NestedProjects) = preSolution
		{EA2984A1-4236-4D88-857B-2FE24385B0C3} = {92F94740-34D7-40F0-AC22-E00AA7CC770D}
	EndGlobalSection
	GlobalSection(ExtensibilityGlobals) = postSolution
		SolutionGuid = {DA079934-83A0-40AC-8BE0-0CBD528C7F32}
	EndGlobalSection
EndGlobal
