
Microsoft Visual Studio Solution File, Format Version 12.00
# Visual Studio Version 16
VisualStudioVersion = 16.0.30413.136
MinimumVisualStudioVersion = 10.0.40219.1
Project("{FAE04EC0-301F-11D3-BF4B-00C04F79EFBC}") = "VideoDedupClient", "VideoDedup\VideoDedupClient.csproj", "{2F31738C-1992-4AF1-A101-35F5C0CF7991}"
EndProject
Project("{FAE04EC0-301F-11D3-BF4B-00C04F79EFBC}") = "ImageComparison", "ImageComparison\ImageComparison.csproj", "{9317DE4A-213D-4AFC-B58F-ED401204534A}"
EndProject
Project("{2150E333-8FDC-42A3-9474-1A3956D46DE8}") = "WCF", "WCF", "{92F94740-34D7-40F0-AC22-E00AA7CC770D}"
EndProject
Project("{FAE04EC0-301F-11D3-BF4B-00C04F79EFBC}") = "Contracts", "WCF\Contracts\Contracts.csproj", "{EA2984A1-4236-4D88-857B-2FE24385B0C3}"
EndProject
Project("{FAE04EC0-301F-11D3-BF4B-00C04F79EFBC}") = "VideoDedupShared", "VideoDedupShared\VideoDedupShared.csproj", "{C16EAE42-0C5C-405F-9916-4DFAB332171A}"
EndProject
Project("{FAE04EC0-301F-11D3-BF4B-00C04F79EFBC}") = "VideoDedupConsole", "VideoDedupConsole\VideoDedupConsole.csproj", "{2F1BAEF5-96A1-448A-9137-66F969A79739}"
EndProject
Project("{FAE04EC0-301F-11D3-BF4B-00C04F79EFBC}") = "SmartTimer", "HandyTimer\SmartTimer.csproj", "{BA276BCA-E923-4E5C-A483-AC04DDF0EB61}"
EndProject
Project("{FAE04EC0-301F-11D3-BF4B-00C04F79EFBC}") = "DedupEngine", "DedupEngine\DedupEngine.csproj", "{6931A4E9-4586-44EB-92FC-8DC0DCDF0CA8}"
EndProject
Global
	GlobalSection(SolutionConfigurationPlatforms) = preSolution
		Debug|x64 = Debug|x64
		Debug|x86 = Debug|x86
		Release|x64 = Release|x64
		Release|x86 = Release|x86
	EndGlobalSection
	GlobalSection(ProjectConfigurationPlatforms) = postSolution
		{2F31738C-1992-4AF1-A101-35F5C0CF7991}.Debug|x64.ActiveCfg = Debug|x64
		{2F31738C-1992-4AF1-A101-35F5C0CF7991}.Debug|x64.Build.0 = Debug|x64
		{2F31738C-1992-4AF1-A101-35F5C0CF7991}.Debug|x86.ActiveCfg = Debug|x86
		{2F31738C-1992-4AF1-A101-35F5C0CF7991}.Debug|x86.Build.0 = Debug|x86
		{2F31738C-1992-4AF1-A101-35F5C0CF7991}.Release|x64.ActiveCfg = Release|x64
		{2F31738C-1992-4AF1-A101-35F5C0CF7991}.Release|x64.Build.0 = Release|x64
		{2F31738C-1992-4AF1-A101-35F5C0CF7991}.Release|x86.ActiveCfg = Release|x86
		{2F31738C-1992-4AF1-A101-35F5C0CF7991}.Release|x86.Build.0 = Release|x86
		{9317DE4A-213D-4AFC-B58F-ED401204534A}.Debug|x64.ActiveCfg = Debug|x64
		{9317DE4A-213D-4AFC-B58F-ED401204534A}.Debug|x64.Build.0 = Debug|x64
		{9317DE4A-213D-4AFC-B58F-ED401204534A}.Debug|x86.ActiveCfg = Debug|x86
		{9317DE4A-213D-4AFC-B58F-ED401204534A}.Debug|x86.Build.0 = Debug|x86
		{9317DE4A-213D-4AFC-B58F-ED401204534A}.Release|x64.ActiveCfg = Release|x64
		{9317DE4A-213D-4AFC-B58F-ED401204534A}.Release|x64.Build.0 = Release|x64
		{9317DE4A-213D-4AFC-B58F-ED401204534A}.Release|x86.ActiveCfg = Release|x86
		{9317DE4A-213D-4AFC-B58F-ED401204534A}.Release|x86.Build.0 = Release|x86
		{EA2984A1-4236-4D88-857B-2FE24385B0C3}.Debug|x64.ActiveCfg = Debug|x64
		{EA2984A1-4236-4D88-857B-2FE24385B0C3}.Debug|x64.Build.0 = Debug|x64
		{EA2984A1-4236-4D88-857B-2FE24385B0C3}.Debug|x86.ActiveCfg = Debug|x86
		{EA2984A1-4236-4D88-857B-2FE24385B0C3}.Debug|x86.Build.0 = Debug|x86
		{EA2984A1-4236-4D88-857B-2FE24385B0C3}.Release|x64.ActiveCfg = Release|x64
		{EA2984A1-4236-4D88-857B-2FE24385B0C3}.Release|x64.Build.0 = Release|x64
		{EA2984A1-4236-4D88-857B-2FE24385B0C3}.Release|x86.ActiveCfg = Release|x86
		{EA2984A1-4236-4D88-857B-2FE24385B0C3}.Release|x86.Build.0 = Release|x86
		{C16EAE42-0C5C-405F-9916-4DFAB332171A}.Debug|x64.ActiveCfg = Debug|x64
		{C16EAE42-0C5C-405F-9916-4DFAB332171A}.Debug|x64.Build.0 = Debug|x64
		{C16EAE42-0C5C-405F-9916-4DFAB332171A}.Debug|x86.ActiveCfg = Debug|x86
		{C16EAE42-0C5C-405F-9916-4DFAB332171A}.Debug|x86.Build.0 = Debug|x86
		{C16EAE42-0C5C-405F-9916-4DFAB332171A}.Release|x64.ActiveCfg = Release|x64
		{C16EAE42-0C5C-405F-9916-4DFAB332171A}.Release|x64.Build.0 = Release|x64
		{C16EAE42-0C5C-405F-9916-4DFAB332171A}.Release|x86.ActiveCfg = Release|x86
		{C16EAE42-0C5C-405F-9916-4DFAB332171A}.Release|x86.Build.0 = Release|x86
		{2F1BAEF5-96A1-448A-9137-66F969A79739}.Debug|x64.ActiveCfg = Debug|x64
		{2F1BAEF5-96A1-448A-9137-66F969A79739}.Debug|x64.Build.0 = Debug|x64
		{2F1BAEF5-96A1-448A-9137-66F969A79739}.Debug|x86.ActiveCfg = Debug|x86
		{2F1BAEF5-96A1-448A-9137-66F969A79739}.Debug|x86.Build.0 = Debug|x86
		{2F1BAEF5-96A1-448A-9137-66F969A79739}.Release|x64.ActiveCfg = Release|x64
		{2F1BAEF5-96A1-448A-9137-66F969A79739}.Release|x64.Build.0 = Release|x64
		{2F1BAEF5-96A1-448A-9137-66F969A79739}.Release|x86.ActiveCfg = Release|x86
		{2F1BAEF5-96A1-448A-9137-66F969A79739}.Release|x86.Build.0 = Release|x86
		{BA276BCA-E923-4E5C-A483-AC04DDF0EB61}.Debug|x64.ActiveCfg = Debug|x64
		{BA276BCA-E923-4E5C-A483-AC04DDF0EB61}.Debug|x64.Build.0 = Debug|x64
		{BA276BCA-E923-4E5C-A483-AC04DDF0EB61}.Debug|x86.ActiveCfg = Debug|x86
		{BA276BCA-E923-4E5C-A483-AC04DDF0EB61}.Debug|x86.Build.0 = Debug|x86
		{BA276BCA-E923-4E5C-A483-AC04DDF0EB61}.Release|x64.ActiveCfg = Release|x64
		{BA276BCA-E923-4E5C-A483-AC04DDF0EB61}.Release|x64.Build.0 = Release|x64
		{BA276BCA-E923-4E5C-A483-AC04DDF0EB61}.Release|x86.ActiveCfg = Release|x86
		{BA276BCA-E923-4E5C-A483-AC04DDF0EB61}.Release|x86.Build.0 = Release|x86
		{6931A4E9-4586-44EB-92FC-8DC0DCDF0CA8}.Debug|x64.ActiveCfg = Debug|x64
		{6931A4E9-4586-44EB-92FC-8DC0DCDF0CA8}.Debug|x64.Build.0 = Debug|x64
		{6931A4E9-4586-44EB-92FC-8DC0DCDF0CA8}.Debug|x86.ActiveCfg = Debug|x86
		{6931A4E9-4586-44EB-92FC-8DC0DCDF0CA8}.Debug|x86.Build.0 = Debug|x86
		{6931A4E9-4586-44EB-92FC-8DC0DCDF0CA8}.Release|x64.ActiveCfg = Release|x64
		{6931A4E9-4586-44EB-92FC-8DC0DCDF0CA8}.Release|x64.Build.0 = Release|x64
		{6931A4E9-4586-44EB-92FC-8DC0DCDF0CA8}.Release|x86.ActiveCfg = Release|x86
		{6931A4E9-4586-44EB-92FC-8DC0DCDF0CA8}.Release|x86.Build.0 = Release|x86
	EndGlobalSection
	GlobalSection(SolutionProperties) = preSolution
		HideSolutionNode = FALSE
	EndGlobalSection
	GlobalSection(NestedProjects) = preSolution
		{EA2984A1-4236-4D88-857B-2FE24385B0C3} = {92F94740-34D7-40F0-AC22-E00AA7CC770D}
	EndGlobalSection
	GlobalSection(ExtensibilityGlobals) = postSolution
		SolutionGuid = {DA079934-83A0-40AC-8BE0-0CBD528C7F32}
	EndGlobalSection
EndGlobal
