
Microsoft Visual Studio Solution File, Format Version 12.00
# Visual Studio Version 17
VisualStudioVersion = 17.1.32228.430
MinimumVisualStudioVersion = 10.0.40219.1
Project("{930C7802-8A8C-48F9-8165-68863BCCD9DD}") = "Setup", "Setup\Setup.wixproj", "{52D36AE6-B21D-4BCE-A675-9024F6C8BAC5}"
EndProject
Project("{2150E333-8FDC-42A3-9474-1A3956D46DE8}") = "Solution Items", "Solution Items", "{962EAB92-A167-49A8-8E02-87D72AA00603}"
	ProjectSection(SolutionItems) = preProject
		.editorconfig = .editorconfig
	EndProjectSection
EndProject
Project("{9A19103F-16F7-4668-BE54-9A1E7A4F7556}") = "VideoDedupClient", "VideoDedupClient\VideoDedupClient.csproj", "{EDB509D9-C9FC-44C2-B9B9-0DC812ED8909}"
EndProject
Project("{9A19103F-16F7-4668-BE54-9A1E7A4F7556}") = "VideoDedupServer", "VideoDedupServer\VideoDedupServer.csproj", "{98597EB4-280A-4F07-AAA5-605C4D68F618}"
EndProject
Project("{9A19103F-16F7-4668-BE54-9A1E7A4F7556}") = "VideoDedupSharedLib", "VideoDedupSharedLib\VideoDedupSharedLib.csproj", "{B8FA0B95-26D9-41E6-A194-B67E09D62E15}"
EndProject
Project("{9A19103F-16F7-4668-BE54-9A1E7A4F7556}") = "VideoDedupService", "VideoDedupService\VideoDedupService.csproj", "{63351B69-9B0A-4B87-ACFB-905ABA55BC71}"
EndProject
Project("{9A19103F-16F7-4668-BE54-9A1E7A4F7556}") = "DedupEngine", "DedupEngine\DedupEngine.csproj", "{AD1EDF5F-7BFF-4499-875B-E7AF81890F21}"
EndProject
Project("{9A19103F-16F7-4668-BE54-9A1E7A4F7556}") = "SmartTimer", "SmartTimer\SmartTimer.csproj", "{4C4BD1D9-49D8-4ABD-BC34-A0E21350DF96}"
EndProject
Project("{9A19103F-16F7-4668-BE54-9A1E7A4F7556}") = "CustomComparisonManager", "CustomComparisonManager\CustomComparisonManager.csproj", "{EF86B28E-7402-468A-A19F-13994630E341}"
EndProject
Project("{9A19103F-16F7-4668-BE54-9A1E7A4F7556}") = "DuplicateManager", "DuplicateManager\DuplicateManager.csproj", "{AD082BB0-AEC6-48A5-9C12-64BC2684B409}"
	ProjectSection(ProjectDependencies) = postProject
		{AD1EDF5F-7BFF-4499-875B-E7AF81890F21} = {AD1EDF5F-7BFF-4499-875B-E7AF81890F21}
		{B8FA0B95-26D9-41E6-A194-B67E09D62E15} = {B8FA0B95-26D9-41E6-A194-B67E09D62E15}
	EndProjectSection
EndProject
Project("{9A19103F-16F7-4668-BE54-9A1E7A4F7556}") = "VideoComparer", "VideoComparer\VideoComparer.csproj", "{51D87BA9-44D4-4F19-963A-4C18A03E3D56}"
EndProject
Project("{9A19103F-16F7-4668-BE54-9A1E7A4F7556}") = "MpvLib", "MpvLib\MpvLib.csproj", "{E739AEF1-DBCB-4C2E-99A2-14596D0799F2}"
EndProject
Project("{9A19103F-16F7-4668-BE54-9A1E7A4F7556}") = "Versioning", "Versioning\Versioning.csproj", "{688F63A1-4A77-4029-9681-02F25CCCD458}"
EndProject
Global
	GlobalSection(SolutionConfigurationPlatforms) = preSolution
		Debug|x64 = Debug|x64
		Debug|x86 = Debug|x86
		Release|x64 = Release|x64
		Release|x86 = Release|x86
	EndGlobalSection
	GlobalSection(ProjectConfigurationPlatforms) = postSolution
		{52D36AE6-B21D-4BCE-A675-9024F6C8BAC5}.Debug|x64.ActiveCfg = Debug|x64
		{52D36AE6-B21D-4BCE-A675-9024F6C8BAC5}.Debug|x86.ActiveCfg = Debug|x86
		{52D36AE6-B21D-4BCE-A675-9024F6C8BAC5}.Release|x64.ActiveCfg = Release|x64
		{52D36AE6-B21D-4BCE-A675-9024F6C8BAC5}.Release|x86.ActiveCfg = Release|x86
		{EDB509D9-C9FC-44C2-B9B9-0DC812ED8909}.Debug|x64.ActiveCfg = Debug|x64
		{EDB509D9-C9FC-44C2-B9B9-0DC812ED8909}.Debug|x64.Build.0 = Debug|x64
		{EDB509D9-C9FC-44C2-B9B9-0DC812ED8909}.Debug|x86.ActiveCfg = Debug|x86
		{EDB509D9-C9FC-44C2-B9B9-0DC812ED8909}.Debug|x86.Build.0 = Debug|x86
		{EDB509D9-C9FC-44C2-B9B9-0DC812ED8909}.Release|x64.ActiveCfg = Release|x64
		{EDB509D9-C9FC-44C2-B9B9-0DC812ED8909}.Release|x64.Build.0 = Release|x64
		{EDB509D9-C9FC-44C2-B9B9-0DC812ED8909}.Release|x86.ActiveCfg = Release|x86
		{EDB509D9-C9FC-44C2-B9B9-0DC812ED8909}.Release|x86.Build.0 = Release|x86
		{98597EB4-280A-4F07-AAA5-605C4D68F618}.Debug|x64.ActiveCfg = Debug|x64
		{98597EB4-280A-4F07-AAA5-605C4D68F618}.Debug|x64.Build.0 = Debug|x64
		{98597EB4-280A-4F07-AAA5-605C4D68F618}.Debug|x86.ActiveCfg = Debug|x86
		{98597EB4-280A-4F07-AAA5-605C4D68F618}.Debug|x86.Build.0 = Debug|x86
		{98597EB4-280A-4F07-AAA5-605C4D68F618}.Release|x64.ActiveCfg = Release|x64
		{98597EB4-280A-4F07-AAA5-605C4D68F618}.Release|x64.Build.0 = Release|x64
		{98597EB4-280A-4F07-AAA5-605C4D68F618}.Release|x86.ActiveCfg = Release|x86
		{98597EB4-280A-4F07-AAA5-605C4D68F618}.Release|x86.Build.0 = Release|x86
		{B8FA0B95-26D9-41E6-A194-B67E09D62E15}.Debug|x64.ActiveCfg = Debug|x64
		{B8FA0B95-26D9-41E6-A194-B67E09D62E15}.Debug|x64.Build.0 = Debug|x64
		{B8FA0B95-26D9-41E6-A194-B67E09D62E15}.Debug|x86.ActiveCfg = Debug|x86
		{B8FA0B95-26D9-41E6-A194-B67E09D62E15}.Debug|x86.Build.0 = Debug|x86
		{B8FA0B95-26D9-41E6-A194-B67E09D62E15}.Release|x64.ActiveCfg = Release|x64
		{B8FA0B95-26D9-41E6-A194-B67E09D62E15}.Release|x64.Build.0 = Release|x64
		{B8FA0B95-26D9-41E6-A194-B67E09D62E15}.Release|x86.ActiveCfg = Release|x86
		{B8FA0B95-26D9-41E6-A194-B67E09D62E15}.Release|x86.Build.0 = Release|x86
		{63351B69-9B0A-4B87-ACFB-905ABA55BC71}.Debug|x64.ActiveCfg = Debug|x64
		{63351B69-9B0A-4B87-ACFB-905ABA55BC71}.Debug|x64.Build.0 = Debug|x64
		{63351B69-9B0A-4B87-ACFB-905ABA55BC71}.Debug|x86.ActiveCfg = Debug|x86
		{63351B69-9B0A-4B87-ACFB-905ABA55BC71}.Debug|x86.Build.0 = Debug|x86
		{63351B69-9B0A-4B87-ACFB-905ABA55BC71}.Release|x64.ActiveCfg = Release|x64
		{63351B69-9B0A-4B87-ACFB-905ABA55BC71}.Release|x64.Build.0 = Release|x64
		{63351B69-9B0A-4B87-ACFB-905ABA55BC71}.Release|x86.ActiveCfg = Release|x86
		{63351B69-9B0A-4B87-ACFB-905ABA55BC71}.Release|x86.Build.0 = Release|x86
		{AD1EDF5F-7BFF-4499-875B-E7AF81890F21}.Debug|x64.ActiveCfg = Debug|x64
		{AD1EDF5F-7BFF-4499-875B-E7AF81890F21}.Debug|x64.Build.0 = Debug|x64
		{AD1EDF5F-7BFF-4499-875B-E7AF81890F21}.Debug|x86.ActiveCfg = Debug|x86
		{AD1EDF5F-7BFF-4499-875B-E7AF81890F21}.Debug|x86.Build.0 = Debug|x86
		{AD1EDF5F-7BFF-4499-875B-E7AF81890F21}.Release|x64.ActiveCfg = Release|x64
		{AD1EDF5F-7BFF-4499-875B-E7AF81890F21}.Release|x64.Build.0 = Release|x64
		{AD1EDF5F-7BFF-4499-875B-E7AF81890F21}.Release|x86.ActiveCfg = Release|x86
		{AD1EDF5F-7BFF-4499-875B-E7AF81890F21}.Release|x86.Build.0 = Release|x86
		{4C4BD1D9-49D8-4ABD-BC34-A0E21350DF96}.Debug|x64.ActiveCfg = Debug|Any CPU
		{4C4BD1D9-49D8-4ABD-BC34-A0E21350DF96}.Debug|x64.Build.0 = Debug|Any CPU
		{4C4BD1D9-49D8-4ABD-BC34-A0E21350DF96}.Debug|x86.ActiveCfg = Debug|Any CPU
		{4C4BD1D9-49D8-4ABD-BC34-A0E21350DF96}.Debug|x86.Build.0 = Debug|Any CPU
		{4C4BD1D9-49D8-4ABD-BC34-A0E21350DF96}.Release|x64.ActiveCfg = Release|Any CPU
		{4C4BD1D9-49D8-4ABD-BC34-A0E21350DF96}.Release|x64.Build.0 = Release|Any CPU
		{4C4BD1D9-49D8-4ABD-BC34-A0E21350DF96}.Release|x86.ActiveCfg = Release|Any CPU
		{4C4BD1D9-49D8-4ABD-BC34-A0E21350DF96}.Release|x86.Build.0 = Release|Any CPU
		{EF86B28E-7402-468A-A19F-13994630E341}.Debug|x64.ActiveCfg = Debug|x64
		{EF86B28E-7402-468A-A19F-13994630E341}.Debug|x64.Build.0 = Debug|x64
		{EF86B28E-7402-468A-A19F-13994630E341}.Debug|x86.ActiveCfg = Debug|x86
		{EF86B28E-7402-468A-A19F-13994630E341}.Debug|x86.Build.0 = Debug|x86
		{EF86B28E-7402-468A-A19F-13994630E341}.Release|x64.ActiveCfg = Release|x64
		{EF86B28E-7402-468A-A19F-13994630E341}.Release|x64.Build.0 = Release|x64
		{EF86B28E-7402-468A-A19F-13994630E341}.Release|x86.ActiveCfg = Release|x86
		{EF86B28E-7402-468A-A19F-13994630E341}.Release|x86.Build.0 = Release|x86
		{AD082BB0-AEC6-48A5-9C12-64BC2684B409}.Debug|x64.ActiveCfg = Debug|x64
		{AD082BB0-AEC6-48A5-9C12-64BC2684B409}.Debug|x64.Build.0 = Debug|x64
		{AD082BB0-AEC6-48A5-9C12-64BC2684B409}.Debug|x86.ActiveCfg = Debug|x86
		{AD082BB0-AEC6-48A5-9C12-64BC2684B409}.Debug|x86.Build.0 = Debug|x86
		{AD082BB0-AEC6-48A5-9C12-64BC2684B409}.Release|x64.ActiveCfg = Release|x64
		{AD082BB0-AEC6-48A5-9C12-64BC2684B409}.Release|x64.Build.0 = Release|x64
		{AD082BB0-AEC6-48A5-9C12-64BC2684B409}.Release|x86.ActiveCfg = Release|x86
		{AD082BB0-AEC6-48A5-9C12-64BC2684B409}.Release|x86.Build.0 = Release|x86
		{51D87BA9-44D4-4F19-963A-4C18A03E3D56}.Debug|x64.ActiveCfg = Debug|x64
		{51D87BA9-44D4-4F19-963A-4C18A03E3D56}.Debug|x64.Build.0 = Debug|x64
		{51D87BA9-44D4-4F19-963A-4C18A03E3D56}.Debug|x86.ActiveCfg = Debug|x86
		{51D87BA9-44D4-4F19-963A-4C18A03E3D56}.Debug|x86.Build.0 = Debug|x86
		{51D87BA9-44D4-4F19-963A-4C18A03E3D56}.Release|x64.ActiveCfg = Release|x64
		{51D87BA9-44D4-4F19-963A-4C18A03E3D56}.Release|x64.Build.0 = Release|x64
		{51D87BA9-44D4-4F19-963A-4C18A03E3D56}.Release|x86.ActiveCfg = Release|x86
		{51D87BA9-44D4-4F19-963A-4C18A03E3D56}.Release|x86.Build.0 = Release|x86
		{E739AEF1-DBCB-4C2E-99A2-14596D0799F2}.Debug|x64.ActiveCfg = Debug|x64
		{E739AEF1-DBCB-4C2E-99A2-14596D0799F2}.Debug|x64.Build.0 = Debug|x64
		{E739AEF1-DBCB-4C2E-99A2-14596D0799F2}.Debug|x86.ActiveCfg = Debug|x86
		{E739AEF1-DBCB-4C2E-99A2-14596D0799F2}.Debug|x86.Build.0 = Debug|x86
		{E739AEF1-DBCB-4C2E-99A2-14596D0799F2}.Release|x64.ActiveCfg = Release|x64
		{E739AEF1-DBCB-4C2E-99A2-14596D0799F2}.Release|x64.Build.0 = Release|x64
		{E739AEF1-DBCB-4C2E-99A2-14596D0799F2}.Release|x86.ActiveCfg = Release|x86
		{E739AEF1-DBCB-4C2E-99A2-14596D0799F2}.Release|x86.Build.0 = Release|x86
		{688F63A1-4A77-4029-9681-02F25CCCD458}.Debug|x64.ActiveCfg = Debug|Any CPU
		{688F63A1-4A77-4029-9681-02F25CCCD458}.Debug|x64.Build.0 = Debug|Any CPU
		{688F63A1-4A77-4029-9681-02F25CCCD458}.Debug|x86.ActiveCfg = Debug|Any CPU
		{688F63A1-4A77-4029-9681-02F25CCCD458}.Debug|x86.Build.0 = Debug|Any CPU
		{688F63A1-4A77-4029-9681-02F25CCCD458}.Release|x64.ActiveCfg = Release|Any CPU
		{688F63A1-4A77-4029-9681-02F25CCCD458}.Release|x64.Build.0 = Release|Any CPU
		{688F63A1-4A77-4029-9681-02F25CCCD458}.Release|x86.ActiveCfg = Release|Any CPU
		{688F63A1-4A77-4029-9681-02F25CCCD458}.Release|x86.Build.0 = Release|Any CPU
	EndGlobalSection
	GlobalSection(SolutionProperties) = preSolution
		HideSolutionNode = FALSE
	EndGlobalSection
	GlobalSection(ExtensibilityGlobals) = postSolution
		SolutionGuid = {DA079934-83A0-40AC-8BE0-0CBD528C7F32}
	EndGlobalSection
EndGlobal
